// !$*UTF8*$!
{
	archiveVersion = 1;
	classes = {
	};
	objectVersion = 46;
	objects = {

/* Begin PBXBuildFile section */
		662209A519EF06B6000ACF5E /* main.m in Sources */ = {isa = PBXBuildFile; fileRef = 662209A419EF06B6000ACF5E /* main.m */; };
		662209A819EF06B6000ACF5E /* AppDelegate.m in Sources */ = {isa = PBXBuildFile; fileRef = 662209A719EF06B6000ACF5E /* AppDelegate.m */; };
		662209AB19EF06B6000ACF5E /* ViewController.m in Sources */ = {isa = PBXBuildFile; fileRef = 662209AA19EF06B6000ACF5E /* ViewController.m */; };
		662209AE19EF06B6000ACF5E /* Main.storyboard in Resources */ = {isa = PBXBuildFile; fileRef = 662209AC19EF06B6000ACF5E /* Main.storyboard */; };
		662209B019EF06B6000ACF5E /* Images.xcassets in Resources */ = {isa = PBXBuildFile; fileRef = 662209AF19EF06B6000ACF5E /* Images.xcassets */; };
		662209B319EF06B6000ACF5E /* LaunchScreen.xib in Resources */ = {isa = PBXBuildFile; fileRef = 662209B119EF06B6000ACF5E /* LaunchScreen.xib */; };
		662209BF19EF06B6000ACF5E /* PizzaHunterTests.m in Sources */ = {isa = PBXBuildFile; fileRef = 662209BE19EF06B6000ACF5E /* PizzaHunterTests.m */; };
		662209C919EF0BE2000ACF5E /* MapKit.framework in Frameworks */ = {isa = PBXBuildFile; fileRef = 662209C819EF0BE2000ACF5E /* MapKit.framework */; };
		662209CB19EF0BF3000ACF5E /* CoreLocation.framework in Frameworks */ = {isa = PBXBuildFile; fileRef = 662209CA19EF0BF3000ACF5E /* CoreLocation.framework */; };
		662209D719EF87B3000ACF5E /* Pizzeria.m in Sources */ = {isa = PBXBuildFile; fileRef = 662209D619EF87B3000ACF5E /* Pizzeria.m */; };
/* End PBXBuildFile section */

/* Begin PBXContainerItemProxy section */
		662209B919EF06B6000ACF5E /* PBXContainerItemProxy */ = {
			isa = PBXContainerItemProxy;
			containerPortal = 6622099719EF06B6000ACF5E /* Project object */;
			proxyType = 1;
			remoteGlobalIDString = 6622099E19EF06B6000ACF5E;
			remoteInfo = PizzaHunter;
		};
/* End PBXContainerItemProxy section */

/* Begin PBXFileReference section */
		6622099F19EF06B6000ACF5E /* PizzaHunter.app */ = {isa = PBXFileReference; explicitFileType = wrapper.application; includeInIndex = 0; path = PizzaHunter.app; sourceTree = BUILT_PRODUCTS_DIR; };
		662209A319EF06B6000ACF5E /* Info.plist */ = {isa = PBXFileReference; lastKnownFileType = text.plist.xml; path = Info.plist; sourceTree = "<group>"; };
		662209A419EF06B6000ACF5E /* main.m */ = {isa = PBXFileReference; lastKnownFileType = sourcecode.c.objc; path = main.m; sourceTree = "<group>"; };
		662209A619EF06B6000ACF5E /* AppDelegate.h */ = {isa = PBXFileReference; lastKnownFileType = sourcecode.c.h; path = AppDelegate.h; sourceTree = "<group>"; };
		662209A719EF06B6000ACF5E /* AppDelegate.m */ = {isa = PBXFileReference; lastKnownFileType = sourcecode.c.objc; path = AppDelegate.m; sourceTree = "<group>"; };
		662209A919EF06B6000ACF5E /* ViewController.h */ = {isa = PBXFileReference; lastKnownFileType = sourcecode.c.h; path = ViewController.h; sourceTree = "<group>"; };
		662209AA19EF06B6000ACF5E /* ViewController.m */ = {isa = PBXFileReference; lastKnownFileType = sourcecode.c.objc; path = ViewController.m; sourceTree = "<group>"; };
		662209AD19EF06B6000ACF5E /* Base */ = {isa = PBXFileReference; lastKnownFileType = file.storyboard; name = Base; path = Base.lproj/Main.storyboard; sourceTree = "<group>"; };
		662209AF19EF06B6000ACF5E /* Images.xcassets */ = {isa = PBXFileReference; lastKnownFileType = folder.assetcatalog; path = Images.xcassets; sourceTree = "<group>"; };
		662209B219EF06B6000ACF5E /* Base */ = {isa = PBXFileReference; lastKnownFileType = file.xib; name = Base; path = Base.lproj/LaunchScreen.xib; sourceTree = "<group>"; };
		662209B819EF06B6000ACF5E /* PizzaHunterTests.xctest */ = {isa = PBXFileReference; explicitFileType = wrapper.cfbundle; includeInIndex = 0; path = PizzaHunterTests.xctest; sourceTree = BUILT_PRODUCTS_DIR; };
		662209BD19EF06B6000ACF5E /* Info.plist */ = {isa = PBXFileReference; lastKnownFileType = text.plist.xml; path = Info.plist; sourceTree = "<group>"; };
		662209BE19EF06B6000ACF5E /* PizzaHunterTests.m */ = {isa = PBXFileReference; lastKnownFileType = sourcecode.c.objc; path = PizzaHunterTests.m; sourceTree = "<group>"; };
		662209C819EF0BE2000ACF5E /* MapKit.framework */ = {isa = PBXFileReference; lastKnownFileType = wrapper.framework; name = MapKit.framework; path = System/Library/Frameworks/MapKit.framework; sourceTree = SDKROOT; };
		662209CA19EF0BF3000ACF5E /* CoreLocation.framework */ = {isa = PBXFileReference; lastKnownFileType = wrapper.framework; name = CoreLocation.framework; path = System/Library/Frameworks/CoreLocation.framework; sourceTree = SDKROOT; };
		662209D519EF87B3000ACF5E /* Pizzeria.h */ = {isa = PBXFileReference; fileEncoding = 4; lastKnownFileType = sourcecode.c.h; path = Pizzeria.h; sourceTree = "<group>"; };
		662209D619EF87B3000ACF5E /* Pizzeria.m */ = {isa = PBXFileReference; fileEncoding = 4; lastKnownFileType = sourcecode.c.objc; path = Pizzeria.m; sourceTree = "<group>"; };
/* End PBXFileReference section */

/* Begin PBXFrameworksBuildPhase section */
		6622099C19EF06B6000ACF5E /* Frameworks */ = {
			isa = PBXFrameworksBuildPhase;
			buildActionMask = 2147483647;
			files = (
				662209CB19EF0BF3000ACF5E /* CoreLocation.framework in Frameworks */,
				662209C919EF0BE2000ACF5E /* MapKit.framework in Frameworks */,
			);
			runOnlyForDeploymentPostprocessing = 0;
		};
		662209B519EF06B6000ACF5E /* Frameworks */ = {
			isa = PBXFrameworksBuildPhase;
			buildActionMask = 2147483647;
			files = (
			);
			runOnlyForDeploymentPostprocessing = 0;
		};
/* End PBXFrameworksBuildPhase section */

/* Begin PBXGroup section */
		6622099619EF06B6000ACF5E = {
			isa = PBXGroup;
			children = (
				662209CA19EF0BF3000ACF5E /* CoreLocation.framework */,
				662209C819EF0BE2000ACF5E /* MapKit.framework */,
				662209A119EF06B6000ACF5E /* PizzaHunter */,
				662209BB19EF06B6000ACF5E /* PizzaHunterTests */,
				662209A019EF06B6000ACF5E /* Products */,
			);
			sourceTree = "<group>";
		};
		662209A019EF06B6000ACF5E /* Products */ = {
			isa = PBXGroup;
			children = (
				6622099F19EF06B6000ACF5E /* PizzaHunter.app */,
				662209B819EF06B6000ACF5E /* PizzaHunterTests.xctest */,
			);
			name = Products;
			sourceTree = "<group>";
		};
		662209A119EF06B6000ACF5E /* PizzaHunter */ = {
			isa = PBXGroup;
			children = (
				662209D519EF87B3000ACF5E /* Pizzeria.h */,
				662209D619EF87B3000ACF5E /* Pizzeria.m */,
				662209A619EF06B6000ACF5E /* AppDelegate.h */,
				662209A719EF06B6000ACF5E /* AppDelegate.m */,
				662209A919EF06B6000ACF5E /* ViewController.h */,
				662209AA19EF06B6000ACF5E /* ViewController.m */,
				662209AC19EF06B6000ACF5E /* Main.storyboard */,
				662209AF19EF06B6000ACF5E /* Images.xcassets */,
				662209B119EF06B6000ACF5E /* LaunchScreen.xib */,
				662209A219EF06B6000ACF5E /* Supporting Files */,
			);
			path = PizzaHunter;
			sourceTree = "<group>";
		};
		662209A219EF06B6000ACF5E /* Supporting Files */ = {
			isa = PBXGroup;
			children = (
				662209A319EF06B6000ACF5E /* Info.plist */,
				662209A419EF06B6000ACF5E /* main.m */,
			);
			name = "Supporting Files";
			sourceTree = "<group>";
		};
		662209BB19EF06B6000ACF5E /* PizzaHunterTests */ = {
			isa = PBXGroup;
			children = (
				662209BE19EF06B6000ACF5E /* PizzaHunterTests.m */,
				662209BC19EF06B6000ACF5E /* Supporting Files */,
			);
			path = PizzaHunterTests;
			sourceTree = "<group>";
		};
		662209BC19EF06B6000ACF5E /* Supporting Files */ = {
			isa = PBXGroup;
			children = (
				662209BD19EF06B6000ACF5E /* Info.plist */,
			);
			name = "Supporting Files";
			sourceTree = "<group>";
		};
/* End PBXGroup section */

/* Begin PBXNativeTarget section */
		6622099E19EF06B6000ACF5E /* PizzaHunter */ = {
			isa = PBXNativeTarget;
			buildConfigurationList = 662209C219EF06B6000ACF5E /* Build configuration list for PBXNativeTarget "PizzaHunter" */;
			buildPhases = (
				6622099B19EF06B6000ACF5E /* Sources */,
				6622099C19EF06B6000ACF5E /* Frameworks */,
				6622099D19EF06B6000ACF5E /* Resources */,
			);
			buildRules = (
			);
			dependencies = (
			);
			name = PizzaHunter;
			productName = PizzaHunter;
			productReference = 6622099F19EF06B6000ACF5E /* PizzaHunter.app */;
			productType = "com.apple.product-type.application";
		};
		662209B719EF06B6000ACF5E /* PizzaHunterTests */ = {
			isa = PBXNativeTarget;
			buildConfigurationList = 662209C519EF06B6000ACF5E /* Build configuration list for PBXNativeTarget "PizzaHunterTests" */;
			buildPhases = (
				662209B419EF06B6000ACF5E /* Sources */,
				662209B519EF06B6000ACF5E /* Frameworks */,
				662209B619EF06B6000ACF5E /* Resources */,
			);
			buildRules = (
			);
			dependencies = (
				662209BA19EF06B6000ACF5E /* PBXTargetDependency */,
			);
			name = PizzaHunterTests;
			productName = PizzaHunterTests;
			productReference = 662209B819EF06B6000ACF5E /* PizzaHunterTests.xctest */;
			productType = "com.apple.product-type.bundle.unit-test";
		};
/* End PBXNativeTarget section */

/* Begin PBXProject section */
		6622099719EF06B6000ACF5E /* Project object */ = {
			isa = PBXProject;
			attributes = {
				LastUpgradeCheck = 0600;
				ORGANIZATIONNAME = "Adam Cooper";
				TargetAttributes = {
					6622099E19EF06B6000ACF5E = {
						CreatedOnToolsVersion = 6.0.1;
					};
					662209B719EF06B6000ACF5E = {
						CreatedOnToolsVersion = 6.0.1;
						TestTargetID = 6622099E19EF06B6000ACF5E;
					};
				};
			};
			buildConfigurationList = 6622099A19EF06B6000ACF5E /* Build configuration list for PBXProject "PizzaHunter" */;
			compatibilityVersion = "Xcode 3.2";
			developmentRegion = English;
			hasScannedForEncodings = 0;
			knownRegions = (
				en,
				Base,
			);
			mainGroup = 6622099619EF06B6000ACF5E;
			productRefGroup = 662209A019EF06B6000ACF5E /* Products */;
			projectDirPath = "";
			projectRoot = "";
			targets = (
				6622099E19EF06B6000ACF5E /* PizzaHunter */,
				662209B719EF06B6000ACF5E /* PizzaHunterTests */,
			);
		};
/* End PBXProject section */

/* Begin PBXResourcesBuildPhase section */
		6622099D19EF06B6000ACF5E /* Resources */ = {
			isa = PBXResourcesBuildPhase;
			buildActionMask = 2147483647;
			files = (
				662209AE19EF06B6000ACF5E /* Main.storyboard in Resources */,
				662209B319EF06B6000ACF5E /* LaunchScreen.xib in Resources */,
				662209B019EF06B6000ACF5E /* Images.xcassets in Resources */,
			);
			runOnlyForDeploymentPostprocessing = 0;
		};
		662209B619EF06B6000ACF5E /* Resources */ = {
			isa = PBXResourcesBuildPhase;
			buildActionMask = 2147483647;
			files = (
			);
			runOnlyForDeploymentPostprocessing = 0;
		};
/* End PBXResourcesBuildPhase section */

/* Begin PBXSourcesBuildPhase section */
		6622099B19EF06B6000ACF5E /* Sources */ = {
			isa = PBXSourcesBuildPhase;
			buildActionMask = 2147483647;
			files = (
				662209AB19EF06B6000ACF5E /* ViewController.m in Sources */,
				662209A819EF06B6000ACF5E /* AppDelegate.m in Sources */,
				662209D719EF87B3000ACF5E /* Pizzeria.m in Sources */,
				662209A519EF06B6000ACF5E /* main.m in Sources */,
			);
			runOnlyForDeploymentPostprocessing = 0;
		};
		662209B419EF06B6000ACF5E /* Sources */ = {
			isa = PBXSourcesBuildPhase;
			buildActionMask = 2147483647;
			files = (
				662209BF19EF06B6000ACF5E /* PizzaHunterTests.m in Sources */,
			);
			runOnlyForDeploymentPostprocessing = 0;
		};
/* End PBXSourcesBuildPhase section */

/* Begin PBXTargetDependency section */
		662209BA19EF06B6000ACF5E /* PBXTargetDependency */ = {
			isa = PBXTargetDependency;
			target = 6622099E19EF06B6000ACF5E /* PizzaHunter */;
			targetProxy = 662209B919EF06B6000ACF5E /* PBXContainerItemProxy */;
		};
/* End PBXTargetDependency section */

/* Begin PBXVariantGroup section */
		662209AC19EF06B6000ACF5E /* Main.storyboard */ = {
			isa = PBXVariantGroup;
			children = (
				662209AD19EF06B6000ACF5E /* Base */,
			);
			name = Main.storyboard;
			sourceTree = "<group>";
		};
		662209B119EF06B6000ACF5E /* LaunchScreen.xib */ = {
			isa = PBXVariantGroup;
			children = (
				662209B219EF06B6000ACF5E /* Base */,
			);
			name = LaunchScreen.xib;
			sourceTree = "<group>";
		};
/* End PBXVariantGroup section */

/* Begin XCBuildConfiguration section */
		662209C019EF06B6000ACF5E /* Debug */ = {
			isa = XCBuildConfiguration;
			buildSettings = {
				ALWAYS_SEARCH_USER_PATHS = NO;
				CLANG_CXX_LANGUAGE_STANDARD = "gnu++0x";
				CLANG_CXX_LIBRARY = "libc++";
				CLANG_ENABLE_MODULES = YES;
				CLANG_ENABLE_OBJC_ARC = YES;
				CLANG_WARN_BOOL_CONVERSION = YES;
				CLANG_WARN_CONSTANT_CONVERSION = YES;
				CLANG_WARN_DIRECT_OBJC_ISA_USAGE = YES_ERROR;
				CLANG_WARN_EMPTY_BODY = YES;
				CLANG_WARN_ENUM_CONVERSION = YES;
				CLANG_WARN_INT_CONVERSION = YES;
				CLANG_WARN_OBJC_ROOT_CLASS = YES_ERROR;
				CLANG_WARN_UNREACHABLE_CODE = YES;
				CLANG_WARN__DUPLICATE_METHOD_MATCH = YES;
				"CODE_SIGN_IDENTITY[sdk=iphoneos*]" = "iPhone Developer";
				COPY_PHASE_STRIP = NO;
				ENABLE_STRICT_OBJC_MSGSEND = YES;
				GCC_C_LANGUAGE_STANDARD = gnu99;
				GCC_DYNAMIC_NO_PIC = NO;
				GCC_OPTIMIZATION_LEVEL = 0;
				GCC_PREPROCESSOR_DEFINITIONS = (
					"DEBUG=1",
					"$(inherited)",
				);
				GCC_SYMBOLS_PRIVATE_EXTERN = NO;
				GCC_WARN_64_TO_32_BIT_CONVERSION = YES;
				GCC_WARN_ABOUT_RETURN_TYPE = YES_ERROR;
				GCC_WARN_UNDECLARED_SELECTOR = YES;
				GCC_WARN_UNINITIALIZED_AUTOS = YES_AGGRESSIVE;
				GCC_WARN_UNUSED_FUNCTION = YES;
				GCC_WARN_UNUSED_VARIABLE = YES;
				IPHONEOS_DEPLOYMENT_TARGET = 8.0;
				MTL_ENABLE_DEBUG_INFO = YES;
				ONLY_ACTIVE_ARCH = YES;
				SDKROOT = iphoneos;
			};
			name = Debug;
		};
		662209C119EF06B6000ACF5E /* Release */ = {
			isa = XCBuildConfiguration;
			buildSettings = {
				ALWAYS_SEARCH_USER_PATHS = NO;
				CLANG_CXX_LANGUAGE_STANDARD = "gnu++0x";
				CLANG_CXX_LIBRARY = "libc++";
				CLANG_ENABLE_MODULES = YES;
				CLANG_ENABLE_OBJC_ARC = YES;
				CLANG_WARN_BOOL_CONVERSION = YES;
				CLANG_WARN_CONSTANT_CONVERSION = YES;
				CLANG_WARN_DIRECT_OBJC_ISA_USAGE = YES_ERROR;
				CLANG_WARN_EMPTY_BODY = YES;
				CLANG_WARN_ENUM_CONVERSION = YES;
				CLANG_WARN_INT_CONVERSION = YES;
				CLANG_WARN_OBJC_ROOT_CLASS = YES_ERROR;
				CLANG_WARN_UNREACHABLE_CODE = YES;
				CLANG_WARN__DUPLICATE_METHOD_MATCH = YES;
				"CODE_SIGN_IDENTITY[sdk=iphoneos*]" = "iPhone Developer";
				COPY_PHASE_STRIP = YES;
				ENABLE_NS_ASSERTIONS = NO;
				ENABLE_STRICT_OBJC_MSGSEND = YES;
				GCC_C_LANGUAGE_STANDARD = gnu99;
				GCC_WARN_64_TO_32_BIT_CONVERSION = YES;
				GCC_WARN_ABOUT_RETURN_TYPE = YES_ERROR;
				GCC_WARN_UNDECLARED_SELECTOR = YES;
				GCC_WARN_UNINITIALIZED_AUTOS = YES_AGGRESSIVE;
				GCC_WARN_UNUSED_FUNCTION = YES;
				GCC_WARN_UNUSED_VARIABLE = YES;
				IPHONEOS_DEPLOYMENT_TARGET = 8.0;
				MTL_ENABLE_DEBUG_INFO = NO;
				SDKROOT = iphoneos;
				VALIDATE_PRODUCT = YES;
			};
			name = Release;
		};
		662209C319EF06B6000ACF5E /* Debug */ = {
			isa = XCBuildConfiguration;
			buildSettings = {
				ASSETCATALOG_COMPILER_APPICON_NAME = AppIcon;
				INFOPLIST_FILE = PizzaHunter/Info.plist;
				LD_RUNPATH_SEARCH_PATHS = "$(inherited) @executable_path/Frameworks";
				PRODUCT_NAME = "$(TARGET_NAME)";
			};
			name = Debug;
		};
		662209C419EF06B6000ACF5E /* Release */ = {
			isa = XCBuildConfiguration;
			buildSettings = {
				ASSETCATALOG_COMPILER_APPICON_NAME = AppIcon;
				INFOPLIST_FILE = PizzaHunter/Info.plist;
				LD_RUNPATH_SEARCH_PATHS = "$(inherited) @executable_path/Frameworks";
				PRODUCT_NAME = "$(TARGET_NAME)";
			};
			name = Release;
		};
		662209C619EF06B6000ACF5E /* Debug */ = {
			isa = XCBuildConfiguration;
			buildSettings = {
				BUNDLE_LOADER = "$(TEST_HOST)";
				FRAMEWORK_SEARCH_PATHS = (
					"$(SDKROOT)/Developer/Library/Frameworks",
					"$(inherited)",
				);
				GCC_PREPROCESSOR_DEFINITIONS = (
					"DEBUG=1",
					"$(inherited)",
				);
				INFOPLIST_FILE = PizzaHunterTests/Info.plist;
				LD_RUNPATH_SEARCH_PATHS = "$(inherited) @executable_path/Frameworks @loader_path/Frameworks";
				PRODUCT_NAME = "$(TARGET_NAME)";
				TEST_HOST = "$(BUILT_PRODUCTS_DIR)/PizzaHunter.app/PizzaHunter";
			};
			name = Debug;
		};
		662209C719EF06B6000ACF5E /* Release */ = {
			isa = XCBuildConfiguration;
			buildSettings = {
				BUNDLE_LOADER = "$(TEST_HOST)";
				FRAMEWORK_SEARCH_PATHS = (
					"$(SDKROOT)/Developer/Library/Frameworks",
					"$(inherited)",
				);
				INFOPLIST_FILE = PizzaHunterTests/Info.plist;
				LD_RUNPATH_SEARCH_PATHS = "$(inherited) @executable_path/Frameworks @loader_path/Frameworks";
				PRODUCT_NAME = "$(TARGET_NAME)";
				TEST_HOST = "$(BUILT_PRODUCTS_DIR)/PizzaHunter.app/PizzaHunter";
			};
			name = Release;
		};
/* End XCBuildConfiguration section */

/* Begin XCConfigurationList section */
		6622099A19EF06B6000ACF5E /* Build configuration list for PBXProject "PizzaHunter" */ = {
			isa = XCConfigurationList;
			buildConfigurations = (
				662209C019EF06B6000ACF5E /* Debug */,
				662209C119EF06B6000ACF5E /* Release */,
			);
			defaultConfigurationIsVisible = 0;
			defaultConfigurationName = Release;
		};
		662209C219EF06B6000ACF5E /* Build configuration list for PBXNativeTarget "PizzaHunter" */ = {
			isa = XCConfigurationList;
			buildConfigurations = (
				662209C319EF06B6000ACF5E /* Debug */,
				662209C419EF06B6000ACF5E /* Release */,
			);
			defaultConfigurationIsVisible = 0;
			defaultConfigurationName = Release;
		};
		662209C519EF06B6000ACF5E /* Build configuration list for PBXNativeTarget "PizzaHunterTests" */ = {
			isa = XCConfigurationList;
			buildConfigurations = (
				662209C619EF06B6000ACF5E /* Debug */,
				662209C719EF06B6000ACF5E /* Release */,
			);
			defaultConfigurationIsVisible = 0;
			defaultConfigurationName = Release;
		};
/* End XCConfigurationList section */
	};
	rootObject = 6622099719EF06B6000ACF5E /* Project object */;
}
